
Microsoft Visual Studio Solution File, Format Version 12.00
# Visual Studio Version 16
VisualStudioVersion = 25.0.1705.0
MinimumVisualStudioVersion = 10.0.40219.1
Project("{FAE04EC0-301F-11D3-BF4B-00C04F79EFBC}") = "HRM", "HRM\HRM.csproj", "{643B3814-2FAF-4486-87E7-4A262F0C9CA0}"
EndProject
Project("{FAE04EC0-301F-11D3-BF4B-00C04F79EFBC}") = "RecruitingWeb", "Services\Recruiting\RecruitingWeb\RecruitingWeb.csproj", "{D442E54D-9002-430F-A296-C43533B63A15}"
EndProject
Project("{FAE04EC0-301F-11D3-BF4B-00C04F79EFBC}") = "ApplicationCore", "Services\Recruiting\ApplicationCore\ApplicationCore.csproj", "{9584A7ED-6ADE-4627-8A4C-6F070AEF54DD}"
EndProject
Project("{FAE04EC0-301F-11D3-BF4B-00C04F79EFBC}") = "Infrastructure", "Services\Recruiting\Infrastructure\Infrastructure.csproj", "{3DDA701F-A3C1-424C-B863-ABB8339A8AD3}"
EndProject
Global
	GlobalSection(SolutionConfigurationPlatforms) = preSolution
		Debug|Any CPU = Debug|Any CPU
		Release|Any CPU = Release|Any CPU
	EndGlobalSection
	GlobalSection(ProjectConfigurationPlatforms) = postSolution
		{643B3814-2FAF-4486-87E7-4A262F0C9CA0}.Debug|Any CPU.ActiveCfg = Debug|Any CPU
		{643B3814-2FAF-4486-87E7-4A262F0C9CA0}.Debug|Any CPU.Build.0 = Debug|Any CPU
		{643B3814-2FAF-4486-87E7-4A262F0C9CA0}.Release|Any CPU.ActiveCfg = Release|Any CPU
		{643B3814-2FAF-4486-87E7-4A262F0C9CA0}.Release|Any CPU.Build.0 = Release|Any CPU
		{D442E54D-9002-430F-A296-C43533B63A15}.Debug|Any CPU.ActiveCfg = Debug|Any CPU
		{D442E54D-9002-430F-A296-C43533B63A15}.Debug|Any CPU.Build.0 = Debug|Any CPU
		{D442E54D-9002-430F-A296-C43533B63A15}.Release|Any CPU.ActiveCfg = Release|Any CPU
		{D442E54D-9002-430F-A296-C43533B63A15}.Release|Any CPU.Build.0 = Release|Any CPU
		{9584A7ED-6ADE-4627-8A4C-6F070AEF54DD}.Debug|Any CPU.ActiveCfg = Debug|Any CPU
		{9584A7ED-6ADE-4627-8A4C-6F070AEF54DD}.Debug|Any CPU.Build.0 = Debug|Any CPU
		{9584A7ED-6ADE-4627-8A4C-6F070AEF54DD}.Release|Any CPU.ActiveCfg = Release|Any CPU
		{9584A7ED-6ADE-4627-8A4C-6F070AEF54DD}.Release|Any CPU.Build.0 = Release|Any CPU
		{3DDA701F-A3C1-424C-B863-ABB8339A8AD3}.Debug|Any CPU.ActiveCfg = Debug|Any CPU
		{3DDA701F-A3C1-424C-B863-ABB8339A8AD3}.Debug|Any CPU.Build.0 = Debug|Any CPU
		{3DDA701F-A3C1-424C-B863-ABB8339A8AD3}.Release|Any CPU.ActiveCfg = Release|Any CPU
		{3DDA701F-A3C1-424C-B863-ABB8339A8AD3}.Release|Any CPU.Build.0 = Release|Any CPU
	EndGlobalSection
	GlobalSection(SolutionProperties) = preSolution
		HideSolutionNode = FALSE
	EndGlobalSection
	GlobalSection(ExtensibilityGlobals) = postSolution
		SolutionGuid = {9A20F735-3591-4238-BE8D-6F9FA5BC4AFE}
	EndGlobalSection
EndGlobal
