
Microsoft Visual Studio Solution File, Format Version 12.00
# Visual Studio Version 16
Project("{2150E333-8FDC-42A3-9474-1A3956D46DE8}") = "src", "src", "{4DF56920-0EC5-4CF9-BE3D-D334500978FB}"
	ProjectSection(SolutionItems) = preProject
		src\Notes.txt = src\Notes.txt
	EndProjectSection
EndProject
Project("{2150E333-8FDC-42A3-9474-1A3956D46DE8}") = "tests", "tests", "{59A31682-0A18-40A2-B459-89AC360FD56E}"
EndProject
Project("{2150E333-8FDC-42A3-9474-1A3956D46DE8}") = "Recruiting", "Recruiting", "{A3B7FD8E-2854-4A67-9719-67B057F2AF81}"
	ProjectSection(SolutionItems) = preProject
		src\Recruiting\Recruting.API\Recruting.API.csproj = src\Recruiting\Recruting.API\Recruting.API.csproj
	EndProjectSection
EndProject
Project("{2150E333-8FDC-42A3-9474-1A3956D46DE8}") = "Interviews", "Interviews", "{20475128-0A52-485F-9A93-2A02A847C955}"
EndProject
Project("{2150E333-8FDC-42A3-9474-1A3956D46DE8}") = "OnBoarding", "OnBoarding", "{6E918CCF-2761-4754-8FD5-555AF6047A22}"
EndProject
Project("{2150E333-8FDC-42A3-9474-1A3956D46DE8}") = "Authentication", "Authentication", "{B582F274-CCE5-4BF0-BE3F-7E1BF79E0678}"
EndProject
Project("{FAE04EC0-301F-11D3-BF4B-00C04F79EFBC}") = "ApplicationCore", "src\Recruiting\ApplicationCore\ApplicationCore.csproj", "{21F96699-3F42-4D0B-A1C6-5DA6DD8D82CD}"
EndProject
Project("{FAE04EC0-301F-11D3-BF4B-00C04F79EFBC}") = "Infrastructure", "src\Recruiting\Infrastructure\Infrastructure.csproj", "{A566597C-A847-483A-886E-2081EEDD64BB}"
EndProject
Project("{2150E333-8FDC-42A3-9474-1A3956D46DE8}") = "New Folder", "New Folder", "{63FD5028-8A6D-4617-84FE-2D8508266B3E}"
EndProject
Project("{FAE04EC0-301F-11D3-BF4B-00C04F79EFBC}") = "Onboarding.Infrastructure", "src\Onboarding\OnBoardingApplicationCore\Onboarding.Infrastructure\Onboarding.Infrastructure.csproj", "{907D881B-1E81-47E8-9D08-E1E873A5B63E}"
EndProject
Project("{FAE04EC0-301F-11D3-BF4B-00C04F79EFBC}") = "Onboarding.API", "src\Onboarding\Onboarding.API\Onboarding.API.csproj", "{EFC51157-5489-415C-926A-A9CD12FB8654}"
EndProject
Project("{FAE04EC0-301F-11D3-BF4B-00C04F79EFBC}") = "Interview.ApplicationCore", "src\Interviews\Interview.ApplicationCore\Interview.ApplicationCore.csproj", "{8FB714AB-6C3C-4EBD-8C11-64F2791B92E9}"
EndProject
Project("{FAE04EC0-301F-11D3-BF4B-00C04F79EFBC}") = "Interview.Infrastructure", "src\Interviews\Interview.Infrastructure\Interview.Infrastructure.csproj", "{4428A953-BD61-445F-BD71-0E27CA8B03EC}"
EndProject
Project("{FAE04EC0-301F-11D3-BF4B-00C04F79EFBC}") = "Interviews.API", "src\Interviews\Interviews.API\Interviews.API.csproj", "{E72C339F-EF0B-403B-81A3-742A0F235C8F}"
EndProject
Project("{FAE04EC0-301F-11D3-BF4B-00C04F79EFBC}") = "Authentication.API", "src\Authentication\Authentication.API\Authentication.API.csproj", "{66611AFB-33EA-481E-8ACF-EFC249501FF1}"
EndProject
Project("{FAE04EC0-301F-11D3-BF4B-00C04F79EFBC}") = "Onboarding.ApplicationCore", "src\Onboarding\Onboarding.ApplicationCore\Onboarding.ApplicationCore.csproj", "{7DF4A5E0-DD87-4B4E-9CC6-B75F6FB53912}"
EndProject
Project("{FAE04EC0-301F-11D3-BF4B-00C04F79EFBC}") = "Recruting.API", "src\Recruting.API\Recruting.API.csproj", "{B1084473-C092-487C-937A-C7DCE9A9B788}"
EndProject
Project("{FAE04EC0-301F-11D3-BF4B-00C04F79EFBC}") = "RecruitingWeb", "src\Recruiting\RecruitingWeb\RecruitingWeb.csproj", "{ABA4CFC3-AEFB-4126-83D8-E17D4CCF8A69}"
EndProject
Project("{E53339B2-1760-4266-BCC7-CA923CBCF16C}") = "docker-compose", "docker-compose.dcproj", "{E1062522-1B1E-4612-94B8-5EA875FB4422}"
EndProject
Project("{2150E333-8FDC-42A3-9474-1A3956D46DE8}") = "New Folder", "New Folder", "{3DC92B09-B6A7-4729-AC06-AED32FC56FE2}"
EndProject
Global
	GlobalSection(SolutionConfigurationPlatforms) = preSolution
		Debug|Any CPU = Debug|Any CPU
		Release|Any CPU = Release|Any CPU
	EndGlobalSection
	GlobalSection(NestedProjects) = preSolution
		{A3B7FD8E-2854-4A67-9719-67B057F2AF81} = {4DF56920-0EC5-4CF9-BE3D-D334500978FB}
		{20475128-0A52-485F-9A93-2A02A847C955} = {4DF56920-0EC5-4CF9-BE3D-D334500978FB}
		{6E918CCF-2761-4754-8FD5-555AF6047A22} = {4DF56920-0EC5-4CF9-BE3D-D334500978FB}
		{B582F274-CCE5-4BF0-BE3F-7E1BF79E0678} = {4DF56920-0EC5-4CF9-BE3D-D334500978FB}
		{21F96699-3F42-4D0B-A1C6-5DA6DD8D82CD} = {A3B7FD8E-2854-4A67-9719-67B057F2AF81}
		{A566597C-A847-483A-886E-2081EEDD64BB} = {A3B7FD8E-2854-4A67-9719-67B057F2AF81}
		{63FD5028-8A6D-4617-84FE-2D8508266B3E} = {A3B7FD8E-2854-4A67-9719-67B057F2AF81}
		{907D881B-1E81-47E8-9D08-E1E873A5B63E} = {6E918CCF-2761-4754-8FD5-555AF6047A22}
		{EFC51157-5489-415C-926A-A9CD12FB8654} = {6E918CCF-2761-4754-8FD5-555AF6047A22}
		{8FB714AB-6C3C-4EBD-8C11-64F2791B92E9} = {20475128-0A52-485F-9A93-2A02A847C955}
		{4428A953-BD61-445F-BD71-0E27CA8B03EC} = {20475128-0A52-485F-9A93-2A02A847C955}
		{E72C339F-EF0B-403B-81A3-742A0F235C8F} = {20475128-0A52-485F-9A93-2A02A847C955}
		{66611AFB-33EA-481E-8ACF-EFC249501FF1} = {B582F274-CCE5-4BF0-BE3F-7E1BF79E0678}
		{7DF4A5E0-DD87-4B4E-9CC6-B75F6FB53912} = {6E918CCF-2761-4754-8FD5-555AF6047A22}
		{B1084473-C092-487C-937A-C7DCE9A9B788} = {A3B7FD8E-2854-4A67-9719-67B057F2AF81}
		{ABA4CFC3-AEFB-4126-83D8-E17D4CCF8A69} = {A3B7FD8E-2854-4A67-9719-67B057F2AF81}
		{3DC92B09-B6A7-4729-AC06-AED32FC56FE2} = {A3B7FD8E-2854-4A67-9719-67B057F2AF81}
	EndGlobalSection
	GlobalSection(ProjectConfigurationPlatforms) = postSolution
		{21F96699-3F42-4D0B-A1C6-5DA6DD8D82CD}.Debug|Any CPU.ActiveCfg = Debug|Any CPU
		{21F96699-3F42-4D0B-A1C6-5DA6DD8D82CD}.Debug|Any CPU.Build.0 = Debug|Any CPU
		{21F96699-3F42-4D0B-A1C6-5DA6DD8D82CD}.Release|Any CPU.ActiveCfg = Release|Any CPU
		{21F96699-3F42-4D0B-A1C6-5DA6DD8D82CD}.Release|Any CPU.Build.0 = Release|Any CPU
		{A566597C-A847-483A-886E-2081EEDD64BB}.Debug|Any CPU.ActiveCfg = Debug|Any CPU
		{A566597C-A847-483A-886E-2081EEDD64BB}.Debug|Any CPU.Build.0 = Debug|Any CPU
		{A566597C-A847-483A-886E-2081EEDD64BB}.Release|Any CPU.ActiveCfg = Release|Any CPU
		{A566597C-A847-483A-886E-2081EEDD64BB}.Release|Any CPU.Build.0 = Release|Any CPU
		{907D881B-1E81-47E8-9D08-E1E873A5B63E}.Debug|Any CPU.ActiveCfg = Debug|Any CPU
		{907D881B-1E81-47E8-9D08-E1E873A5B63E}.Debug|Any CPU.Build.0 = Debug|Any CPU
		{907D881B-1E81-47E8-9D08-E1E873A5B63E}.Release|Any CPU.ActiveCfg = Release|Any CPU
		{907D881B-1E81-47E8-9D08-E1E873A5B63E}.Release|Any CPU.Build.0 = Release|Any CPU
		{EFC51157-5489-415C-926A-A9CD12FB8654}.Debug|Any CPU.ActiveCfg = Debug|Any CPU
		{EFC51157-5489-415C-926A-A9CD12FB8654}.Debug|Any CPU.Build.0 = Debug|Any CPU
		{EFC51157-5489-415C-926A-A9CD12FB8654}.Release|Any CPU.ActiveCfg = Release|Any CPU
		{EFC51157-5489-415C-926A-A9CD12FB8654}.Release|Any CPU.Build.0 = Release|Any CPU
		{8FB714AB-6C3C-4EBD-8C11-64F2791B92E9}.Debug|Any CPU.ActiveCfg = Debug|Any CPU
		{8FB714AB-6C3C-4EBD-8C11-64F2791B92E9}.Debug|Any CPU.Build.0 = Debug|Any CPU
		{8FB714AB-6C3C-4EBD-8C11-64F2791B92E9}.Release|Any CPU.ActiveCfg = Release|Any CPU
		{8FB714AB-6C3C-4EBD-8C11-64F2791B92E9}.Release|Any CPU.Build.0 = Release|Any CPU
		{4428A953-BD61-445F-BD71-0E27CA8B03EC}.Debug|Any CPU.ActiveCfg = Debug|Any CPU
		{4428A953-BD61-445F-BD71-0E27CA8B03EC}.Debug|Any CPU.Build.0 = Debug|Any CPU
		{4428A953-BD61-445F-BD71-0E27CA8B03EC}.Release|Any CPU.ActiveCfg = Release|Any CPU
		{4428A953-BD61-445F-BD71-0E27CA8B03EC}.Release|Any CPU.Build.0 = Release|Any CPU
		{E72C339F-EF0B-403B-81A3-742A0F235C8F}.Debug|Any CPU.ActiveCfg = Debug|Any CPU
		{E72C339F-EF0B-403B-81A3-742A0F235C8F}.Debug|Any CPU.Build.0 = Debug|Any CPU
		{E72C339F-EF0B-403B-81A3-742A0F235C8F}.Release|Any CPU.ActiveCfg = Release|Any CPU
		{E72C339F-EF0B-403B-81A3-742A0F235C8F}.Release|Any CPU.Build.0 = Release|Any CPU
		{66611AFB-33EA-481E-8ACF-EFC249501FF1}.Debug|Any CPU.ActiveCfg = Debug|Any CPU
		{66611AFB-33EA-481E-8ACF-EFC249501FF1}.Debug|Any CPU.Build.0 = Debug|Any CPU
		{66611AFB-33EA-481E-8ACF-EFC249501FF1}.Release|Any CPU.ActiveCfg = Release|Any CPU
		{66611AFB-33EA-481E-8ACF-EFC249501FF1}.Release|Any CPU.Build.0 = Release|Any CPU
		{7DF4A5E0-DD87-4B4E-9CC6-B75F6FB53912}.Debug|Any CPU.ActiveCfg = Debug|Any CPU
		{7DF4A5E0-DD87-4B4E-9CC6-B75F6FB53912}.Debug|Any CPU.Build.0 = Debug|Any CPU
		{7DF4A5E0-DD87-4B4E-9CC6-B75F6FB53912}.Release|Any CPU.ActiveCfg = Release|Any CPU
		{7DF4A5E0-DD87-4B4E-9CC6-B75F6FB53912}.Release|Any CPU.Build.0 = Release|Any CPU
		{B1084473-C092-487C-937A-C7DCE9A9B788}.Debug|Any CPU.ActiveCfg = Debug|Any CPU
		{B1084473-C092-487C-937A-C7DCE9A9B788}.Debug|Any CPU.Build.0 = Debug|Any CPU
		{B1084473-C092-487C-937A-C7DCE9A9B788}.Release|Any CPU.ActiveCfg = Release|Any CPU
		{B1084473-C092-487C-937A-C7DCE9A9B788}.Release|Any CPU.Build.0 = Release|Any CPU
		{ABA4CFC3-AEFB-4126-83D8-E17D4CCF8A69}.Debug|Any CPU.ActiveCfg = Debug|Any CPU
		{ABA4CFC3-AEFB-4126-83D8-E17D4CCF8A69}.Debug|Any CPU.Build.0 = Debug|Any CPU
		{ABA4CFC3-AEFB-4126-83D8-E17D4CCF8A69}.Release|Any CPU.ActiveCfg = Release|Any CPU
		{ABA4CFC3-AEFB-4126-83D8-E17D4CCF8A69}.Release|Any CPU.Build.0 = Release|Any CPU
		{E1062522-1B1E-4612-94B8-5EA875FB4422}.Debug|Any CPU.ActiveCfg = Debug|Any CPU
		{E1062522-1B1E-4612-94B8-5EA875FB4422}.Debug|Any CPU.Build.0 = Debug|Any CPU
		{E1062522-1B1E-4612-94B8-5EA875FB4422}.Release|Any CPU.ActiveCfg = Release|Any CPU
		{E1062522-1B1E-4612-94B8-5EA875FB4422}.Release|Any CPU.Build.0 = Release|Any CPU
	EndGlobalSection
EndGlobal
